
Microsoft Visual Studio Solution File, Format Version 12.00
# Visual Studio Version 16
VisualStudioVersion = 16.0.30002.166
MinimumVisualStudioVersion = 10.0.40219.1
Project("{9A19103F-16F7-4668-BE54-9A1E7A4F7556}") = "HouseHelper", "HouseHelper\HouseHelper.csproj", "{F5C20F9D-E70A-4413-A4B4-7477D701DF96}"
EndProject
Project("{9A19103F-16F7-4668-BE54-9A1E7A4F7556}") = "Data", "Data\Data.csproj", "{0D797FC6-8D1E-4BFE-A146-E0D26AD57D33}"
EndProject
Project("{9A19103F-16F7-4668-BE54-9A1E7A4F7556}") = "Services", "Services\Services.csproj", "{1349BAA7-E9C9-4FEB-90D9-A6B9ECB2BD3F}"
EndProject
Project("{9A19103F-16F7-4668-BE54-9A1E7A4F7556}") = "Entities", "Entites\Entities.csproj", "{0E91A0DE-6AE9-498C-B04D-2009A994E423}"
EndProject
Global
	GlobalSection(SolutionConfigurationPlatforms) = preSolution
		Debug|Any CPU = Debug|Any CPU
		Release|Any CPU = Release|Any CPU
	EndGlobalSection
	GlobalSection(ProjectConfigurationPlatforms) = postSolution
		{F5C20F9D-E70A-4413-A4B4-7477D701DF96}.Debug|Any CPU.ActiveCfg = Debug|Any CPU
		{F5C20F9D-E70A-4413-A4B4-7477D701DF96}.Debug|Any CPU.Build.0 = Debug|Any CPU
		{F5C20F9D-E70A-4413-A4B4-7477D701DF96}.Release|Any CPU.ActiveCfg = Release|Any CPU
		{F5C20F9D-E70A-4413-A4B4-7477D701DF96}.Release|Any CPU.Build.0 = Release|Any CPU
		{0D797FC6-8D1E-4BFE-A146-E0D26AD57D33}.Debug|Any CPU.ActiveCfg = Debug|Any CPU
		{0D797FC6-8D1E-4BFE-A146-E0D26AD57D33}.Debug|Any CPU.Build.0 = Debug|Any CPU
		{0D797FC6-8D1E-4BFE-A146-E0D26AD57D33}.Release|Any CPU.ActiveCfg = Release|Any CPU
		{0D797FC6-8D1E-4BFE-A146-E0D26AD57D33}.Release|Any CPU.Build.0 = Release|Any CPU
		{1349BAA7-E9C9-4FEB-90D9-A6B9ECB2BD3F}.Debug|Any CPU.ActiveCfg = Debug|Any CPU
		{1349BAA7-E9C9-4FEB-90D9-A6B9ECB2BD3F}.Debug|Any CPU.Build.0 = Debug|Any CPU
		{1349BAA7-E9C9-4FEB-90D9-A6B9ECB2BD3F}.Release|Any CPU.ActiveCfg = Release|Any CPU
		{1349BAA7-E9C9-4FEB-90D9-A6B9ECB2BD3F}.Release|Any CPU.Build.0 = Release|Any CPU
		{0E91A0DE-6AE9-498C-B04D-2009A994E423}.Debug|Any CPU.ActiveCfg = Debug|Any CPU
		{0E91A0DE-6AE9-498C-B04D-2009A994E423}.Debug|Any CPU.Build.0 = Debug|Any CPU
		{0E91A0DE-6AE9-498C-B04D-2009A994E423}.Release|Any CPU.ActiveCfg = Release|Any CPU
		{0E91A0DE-6AE9-498C-B04D-2009A994E423}.Release|Any CPU.Build.0 = Release|Any CPU
	EndGlobalSection
	GlobalSection(SolutionProperties) = preSolution
		HideSolutionNode = FALSE
	EndGlobalSection
	GlobalSection(ExtensibilityGlobals) = postSolution
		SolutionGuid = {25B4C7A0-6218-4652-B73F-216DE3CE2C53}
	EndGlobalSection
EndGlobal
